version = 1
revision = 3
requires-python = ">=3.14"

[[package]]
name = "babel"
version = "2.15.0"
source = { registry = "https://pypi.org/simple" }
sdist = { url = "https://files.pythonhosted.org/packages/15/d2/9671b93d623300f0aef82cde40e25357f11330bdde91743891b22a555bed/babel-2.15.0.tar.gz", hash = "sha256:8daf0e265d05768bc6c7a314cf1321e9a123afc328cc635c18622a2f30a04413", size = 9390000, upload-time = "2024-05-05T13:54:45.003Z" }
wheels = [
    { url = "https://files.pythonhosted.org/packages/27/45/377f7e32a5c93d94cd56542349b34efab5ca3f9e2fd5a68c5e93169aa32d/Babel-2.15.0-py3-none-any.whl", hash = "sha256:08706bdad8d0a3413266ab61bd6c34d0c28d6e1e7badf40a2cebe67644e2e1fb", size = 9634913, upload-time = "2024-05-05T13:54:41.446Z" },
]

[[package]]
name = "backrefs"
version = "5.9"
source = { registry = "https://pypi.org/simple" }
sdist = { url = "https://files.pythonhosted.org/packages/eb/a7/312f673df6a79003279e1f55619abbe7daebbb87c17c976ddc0345c04c7b/backrefs-5.9.tar.gz", hash = "sha256:808548cb708d66b82ee231f962cb36faaf4f2baab032f2fbb783e9c2fdddaa59", size = 5765857, upload-time = "2025-06-22T19:34:13.97Z" }
wheels = [
    { url = "https://files.pythonhosted.org/packages/19/4d/798dc1f30468134906575156c089c492cf79b5a5fd373f07fe26c4d046bf/backrefs-5.9-py310-none-any.whl", hash = "sha256:db8e8ba0e9de81fcd635f440deab5ae5f2591b54ac1ebe0550a2ca063488cd9f", size = 380267, upload-time = "2025-06-22T19:34:05.252Z" },
    { url = "https://files.pythonhosted.org/packages/55/07/f0b3375bf0d06014e9787797e6b7cc02b38ac9ff9726ccfe834d94e9991e/backrefs-5.9-py311-none-any.whl", hash = "sha256:6907635edebbe9b2dc3de3a2befff44d74f30a4562adbb8b36f21252ea19c5cf", size = 392072, upload-time = "2025-06-22T19:34:06.743Z" },
    { url = "https://files.pythonhosted.org/packages/9d/12/4f345407259dd60a0997107758ba3f221cf89a9b5a0f8ed5b961aef97253/backrefs-5.9-py312-none-any.whl", hash = "sha256:7fdf9771f63e6028d7fee7e0c497c81abda597ea45d6b8f89e8ad76994f5befa", size = 397947, upload-time = "2025-06-22T19:34:08.172Z" },
    { url = "https://files.pythonhosted.org/packages/10/bf/fa31834dc27a7f05e5290eae47c82690edc3a7b37d58f7fb35a1bdbf355b/backrefs-5.9-py313-none-any.whl", hash = "sha256:cc37b19fa219e93ff825ed1fed8879e47b4d89aa7a1884860e2db64ccd7c676b", size = 399843, upload-time = "2025-06-22T19:34:09.68Z" },
    { url = "https://files.pythonhosted.org/packages/fc/24/b29af34b2c9c41645a9f4ff117bae860291780d73880f449e0b5d948c070/backrefs-5.9-py314-none-any.whl", hash = "sha256:df5e169836cc8acb5e440ebae9aad4bf9d15e226d3bad049cf3f6a5c20cc8dc9", size = 411762, upload-time = "2025-06-22T19:34:11.037Z" },
    { url = "https://files.pythonhosted.org/packages/41/ff/392bff89415399a979be4a65357a41d92729ae8580a66073d8ec8d810f98/backrefs-5.9-py39-none-any.whl", hash = "sha256:f48ee18f6252b8f5777a22a00a09a85de0ca931658f1dd96d4406a34f3748c60", size = 380265, upload-time = "2025-06-22T19:34:12.405Z" },
]

[[package]]
name = "certifi"
version = "2024.7.4"
source = { registry = "https://pypi.org/simple" }
sdist = { url = "https://files.pythonhosted.org/packages/c2/02/a95f2b11e207f68bc64d7aae9666fed2e2b3f307748d5123dffb72a1bbea/certifi-2024.7.4.tar.gz", hash = "sha256:5a1e7645bc0ec61a09e26c36f6106dd4cf40c6db3a1fb6352b0244e7fb057c7b", size = 164065, upload-time = "2024-07-04T01:36:11.653Z" }
wheels = [
    { url = "https://files.pythonhosted.org/packages/1c/d5/c84e1a17bf61d4df64ca866a1c9a913874b4e9bdc131ec689a0ad013fb36/certifi-2024.7.4-py3-none-any.whl", hash = "sha256:c198e21b1289c2ab85ee4e67bb4b4ef3ead0892059901a8d5b622f24a1101e90", size = 162960, upload-time = "2024-07-04T01:36:09.038Z" },
]

[[package]]
name = "charset-normalizer"
version = "3.3.2"
source = { registry = "https://pypi.org/simple" }
sdist = { url = "https://files.pythonhosted.org/packages/63/09/c1bc53dab74b1816a00d8d030de5bf98f724c52c1635e07681d312f20be8/charset-normalizer-3.3.2.tar.gz", hash = "sha256:f30c3cb33b24454a82faecaf01b19c18562b1e89558fb6c56de4d9118a032fd5", size = 104809, upload-time = "2023-11-01T04:04:59.997Z" }
wheels = [
    { url = "https://files.pythonhosted.org/packages/28/76/e6222113b83e3622caa4bb41032d0b1bf785250607392e1b778aca0b8a7d/charset_normalizer-3.3.2-py3-none-any.whl", hash = "sha256:3e4d1f6587322d2788836a99c69062fbb091331ec940e02d12d179c1d53e25fc", size = 48543, upload-time = "2023-11-01T04:04:58.622Z" },
]

[[package]]
name = "click"
version = "8.1.7"
source = { registry = "https://pypi.org/simple" }
dependencies = [
    { name = "colorama", marker = "sys_platform == 'win32'" },
]
sdist = { url = "https://files.pythonhosted.org/packages/96/d3/f04c7bfcf5c1862a2a5b845c6b2b360488cf47af55dfa79c98f6a6bf98b5/click-8.1.7.tar.gz", hash = "sha256:ca9853ad459e787e2192211578cc907e7594e294c7ccc834310722b41b9ca6de", size = 336121, upload-time = "2023-08-17T17:29:11.868Z" }
wheels = [
    { url = "https://files.pythonhosted.org/packages/00/2e/d53fa4befbf2cfa713304affc7ca780ce4fc1fd8710527771b58311a3229/click-8.1.7-py3-none-any.whl", hash = "sha256:ae74fb96c20a0277a1d615f1e4d73c8414f5a98db8b799a7931d1582f3390c28", size = 97941, upload-time = "2023-08-17T17:29:10.08Z" },
]

[[package]]
name = "colorama"
version = "0.4.6"
source = { registry = "https://pypi.org/simple" }
sdist = { url = "https://files.pythonhosted.org/packages/d8/53/6f443c9a4a8358a93a6792e2acffb9d9d5cb0a5cfd8802644b7b1c9a02e4/colorama-0.4.6.tar.gz", hash = "sha256:08695f5cb7ed6e0531a20572697297273c47b8cae5a63ffc6d6ed5c201be6e44", size = 27697, upload-time = "2022-10-25T02:36:22.414Z" }
wheels = [
    { url = "https://files.pythonhosted.org/packages/d1/d6/3965ed04c63042e047cb6a3e6ed1a63a35087b6a609aa3a15ed8ac56c221/colorama-0.4.6-py2.py3-none-any.whl", hash = "sha256:4f1d9991f5acc0ca119f9d443620b77f9d6b33703e51011c16baf57afb285fc6", size = 25335, upload-time = "2022-10-25T02:36:20.889Z" },
]

[[package]]
name = "ghp-import"
version = "2.1.0"
source = { registry = "https://pypi.org/simple" }
dependencies = [
    { name = "python-dateutil" },
]
sdist = { url = "https://files.pythonhosted.org/packages/d9/29/d40217cbe2f6b1359e00c6c307bb3fc876ba74068cbab3dde77f03ca0dc4/ghp-import-2.1.0.tar.gz", hash = "sha256:9c535c4c61193c2df8871222567d7fd7e5014d835f97dc7b7439069e2413d343", size = 10943, upload-time = "2022-05-02T15:47:16.11Z" }
wheels = [
    { url = "https://files.pythonhosted.org/packages/f7/ec/67fbef5d497f86283db54c22eec6f6140243aae73265799baaaa19cd17fb/ghp_import-2.1.0-py3-none-any.whl", hash = "sha256:8337dd7b50877f163d4c0289bc1f1c7f127550241988d568c1db512c4324a619", size = 11034, upload-time = "2022-05-02T15:47:14.552Z" },
]

[[package]]
name = "hjson"
version = "3.1.0"
source = { registry = "https://pypi.org/simple" }
sdist = { url = "https://files.pythonhosted.org/packages/82/e5/0b56d723a76ca67abadbf7fb71609fb0ea7e6926e94fcca6c65a85b36a0e/hjson-3.1.0.tar.gz", hash = "sha256:55af475a27cf83a7969c808399d7bccdec8fb836a07ddbd574587593b9cdcf75", size = 40541, upload-time = "2022-08-13T02:53:01.919Z" }
wheels = [
    { url = "https://files.pythonhosted.org/packages/1f/7f/13cd798d180af4bf4c0ceddeefba2b864a63c71645abc0308b768d67bb81/hjson-3.1.0-py3-none-any.whl", hash = "sha256:65713cdcf13214fb554eb8b4ef803419733f4f5e551047c9b711098ab7186b89", size = 54018, upload-time = "2022-08-13T02:52:59.899Z" },
]

[[package]]
name = "idna"
version = "3.7"
source = { registry = "https://pypi.org/simple" }
sdist = { url = "https://files.pythonhosted.org/packages/21/ed/f86a79a07470cb07819390452f178b3bef1d375f2ec021ecfc709fc7cf07/idna-3.7.tar.gz", hash = "sha256:028ff3aadf0609c1fd278d8ea3089299412a7a8b9bd005dd08b9f8285bcb5cfc", size = 189575, upload-time = "2024-04-11T03:34:43.276Z" }
wheels = [
    { url = "https://files.pythonhosted.org/packages/e5/3e/741d8c82801c347547f8a2a06aa57dbb1992be9e948df2ea0eda2c8b79e8/idna-3.7-py3-none-any.whl", hash = "sha256:82fee1fc78add43492d3a1898bfa6d8a904cc97d8427f683ed8e798d07761aa0", size = 66836, upload-time = "2024-04-11T03:34:41.447Z" },
]

[[package]]
name = "importlib-metadata"
version = "8.7.1"
source = { registry = "https://pypi.org/simple" }
dependencies = [
    { name = "zipp" },
]
sdist = { url = "https://files.pythonhosted.org/packages/f3/49/3b30cad09e7771a4982d9975a8cbf64f00d4a1ececb53297f1d9a7be1b10/importlib_metadata-8.7.1.tar.gz", hash = "sha256:49fef1ae6440c182052f407c8d34a68f72efc36db9ca90dc0113398f2fdde8bb", size = 57107, upload-time = "2025-12-21T10:00:19.278Z" }
wheels = [
    { url = "https://files.pythonhosted.org/packages/fa/5e/f8e9a1d23b9c20a551a8a02ea3637b4642e22c2626e3a13a9a29cdea99eb/importlib_metadata-8.7.1-py3-none-any.whl", hash = "sha256:5a1f80bf1daa489495071efbb095d75a634cf28a8bc299581244063b53176151", size = 27865, upload-time = "2025-12-21T10:00:18.329Z" },
]

[[package]]
name = "importlib-resources"
version = "6.5.2"
source = { registry = "https://pypi.org/simple" }
sdist = { url = "https://files.pythonhosted.org/packages/cf/8c/f834fbf984f691b4f7ff60f50b514cc3de5cc08abfc3295564dd89c5e2e7/importlib_resources-6.5.2.tar.gz", hash = "sha256:185f87adef5bcc288449d98fb4fba07cea78bc036455dd44c5fc4a2fe78fed2c", size = 44693, upload-time = "2025-01-03T18:51:56.698Z" }
wheels = [
    { url = "https://files.pythonhosted.org/packages/a4/ed/1f1afb2e9e7f38a545d628f864d562a5ae64fe6f7a10e28ffb9b185b4e89/importlib_resources-6.5.2-py3-none-any.whl", hash = "sha256:789cfdc3ed28c78b67a06acb8126751ced69a3d5f79c095a98298cd8a760ccec", size = 37461, upload-time = "2025-01-03T18:51:54.306Z" },
]

[[package]]
name = "jinja2"
version = "3.1.4"
source = { registry = "https://pypi.org/simple" }
dependencies = [
    { name = "markupsafe" },
]
sdist = { url = "https://files.pythonhosted.org/packages/ed/55/39036716d19cab0747a5020fc7e907f362fbf48c984b14e62127f7e68e5d/jinja2-3.1.4.tar.gz", hash = "sha256:4a3aee7acbbe7303aede8e9648d13b8bf88a429282aa6122a993f0ac800cb369", size = 240245, upload-time = "2024-05-05T23:42:02.455Z" }
wheels = [
    { url = "https://files.pythonhosted.org/packages/31/80/3a54838c3fb461f6fec263ebf3a3a41771bd05190238de3486aae8540c36/jinja2-3.1.4-py3-none-any.whl", hash = "sha256:bc5dd2abb727a5319567b7a813e6a2e7318c39f4f487cfe6c89c6f9c7d25197d", size = 133271, upload-time = "2024-05-05T23:41:59.928Z" },
]

[[package]]
name = "markdown"
version = "3.6"
source = { registry = "https://pypi.org/simple" }
sdist = { url = "https://files.pythonhosted.org/packages/22/02/4785861427848cc11e452cc62bb541006a1087cf04a1de83aedd5530b948/Markdown-3.6.tar.gz", hash = "sha256:ed4f41f6daecbeeb96e576ce414c41d2d876daa9a16cb35fa8ed8c2ddfad0224", size = 354715, upload-time = "2024-03-14T15:37:59.775Z" }
wheels = [
    { url = "https://files.pythonhosted.org/packages/fc/b3/0c0c994fe49cd661084f8d5dc06562af53818cc0abefaca35bdc894577c3/Markdown-3.6-py3-none-any.whl", hash = "sha256:48f276f4d8cfb8ce6527c8f79e2ee29708508bf4d40aa410fbc3b4ee832c850f", size = 105381, upload-time = "2024-03-14T15:37:57.457Z" },
]

[[package]]
name = "markupsafe"
version = "2.1.5"
source = { registry = "https://pypi.org/simple" }
sdist = { url = "https://files.pythonhosted.org/packages/87/5b/aae44c6655f3801e81aa3eef09dbbf012431987ba564d7231722f68df02d/MarkupSafe-2.1.5.tar.gz", hash = "sha256:d283d37a890ba4c1ae73ffadf8046435c76e7bc2247bbb63c00bd1a709c6544b", size = 19384, upload-time = "2024-02-02T16:31:22.863Z" }

[[package]]
name = "mergedeep"
version = "1.3.4"
source = { registry = "https://pypi.org/simple" }
sdist = { url = "https://files.pythonhosted.org/packages/3a/41/580bb4006e3ed0361b8151a01d324fb03f420815446c7def45d02f74c270/mergedeep-1.3.4.tar.gz", hash = "sha256:0096d52e9dad9939c3d975a774666af186eda617e6ca84df4c94dec30004f2a8", size = 4661, upload-time = "2021-02-05T18:55:30.623Z" }
wheels = [
    { url = "https://files.pythonhosted.org/packages/2c/19/04f9b178c2d8a15b076c8b5140708fa6ffc5601fb6f1e975537072df5b2a/mergedeep-1.3.4-py3-none-any.whl", hash = "sha256:70775750742b25c0d8f36c55aed03d24c3384d17c951b3175d898bd778ef0307", size = 6354, upload-time = "2021-02-05T18:55:29.583Z" },
]

[[package]]
name = "mike"
version = "2.1.3"
source = { registry = "https://pypi.org/simple" }
dependencies = [
    { name = "importlib-metadata" },
    { name = "importlib-resources" },
    { name = "jinja2" },
    { name = "mkdocs" },
    { name = "pyparsing" },
    { name = "pyyaml" },
    { name = "pyyaml-env-tag" },
    { name = "verspec" },
]
sdist = { url = "https://files.pythonhosted.org/packages/ab/f7/2933f1a1fb0e0f077d5d6a92c6c7f8a54e6128241f116dff4df8b6050bbf/mike-2.1.3.tar.gz", hash = "sha256:abd79b8ea483fb0275b7972825d3082e5ae67a41820f8d8a0dc7a3f49944e810", size = 38119, upload-time = "2024-08-13T05:02:14.167Z" }
wheels = [
    { url = "https://files.pythonhosted.org/packages/fd/1a/31b7cd6e4e7a02df4e076162e9783620777592bea9e4bb036389389af99d/mike-2.1.3-py3-none-any.whl", hash = "sha256:d90c64077e84f06272437b464735130d380703a76a5738b152932884c60c062a", size = 33754, upload-time = "2024-08-13T05:02:12.515Z" },
]

[[package]]
name = "mkdocs"
version = "1.6.0"
source = { registry = "https://pypi.org/simple" }
dependencies = [
    { name = "click" },
    { name = "colorama", marker = "sys_platform == 'win32'" },
    { name = "ghp-import" },
    { name = "jinja2" },
    { name = "markdown" },
    { name = "markupsafe" },
    { name = "mergedeep" },
    { name = "mkdocs-get-deps" },
    { name = "packaging" },
    { name = "pathspec" },
    { name = "pyyaml" },
    { name = "pyyaml-env-tag" },
    { name = "watchdog" },
]
sdist = { url = "https://files.pythonhosted.org/packages/cc/6b/26b33cc8ad54e8bc0345cddc061c2c5c23e364de0ecd97969df23f95a673/mkdocs-1.6.0.tar.gz", hash = "sha256:a73f735824ef83a4f3bcb7a231dcab23f5a838f88b7efc54a0eef5fbdbc3c512", size = 3888392, upload-time = "2024-04-20T17:55:45.205Z" }
wheels = [
    { url = "https://files.pythonhosted.org/packages/b8/c0/930dcf5a3e96b9c8e7ad15502603fc61d495479699e2d2c381e3d37294d1/mkdocs-1.6.0-py3-none-any.whl", hash = "sha256:1eb5cb7676b7d89323e62b56235010216319217d4af5ddc543a91beb8d125ea7", size = 3862264, upload-time = "2024-04-20T17:55:42.126Z" },
]

[[package]]
name = "mkdocs-get-deps"
version = "0.2.0"
source = { registry = "https://pypi.org/simple" }
dependencies = [
    { name = "mergedeep" },
    { name = "platformdirs" },
    { name = "pyyaml" },
]
sdist = { url = "https://files.pythonhosted.org/packages/98/f5/ed29cd50067784976f25ed0ed6fcd3c2ce9eb90650aa3b2796ddf7b6870b/mkdocs_get_deps-0.2.0.tar.gz", hash = "sha256:162b3d129c7fad9b19abfdcb9c1458a651628e4b1dea628ac68790fb3061c60c", size = 10239, upload-time = "2023-11-20T17:51:09.981Z" }
wheels = [
    { url = "https://files.pythonhosted.org/packages/9f/d4/029f984e8d3f3b6b726bd33cafc473b75e9e44c0f7e80a5b29abc466bdea/mkdocs_get_deps-0.2.0-py3-none-any.whl", hash = "sha256:2bf11d0b133e77a0dd036abeeb06dec8775e46efa526dc70667d8863eefc6134", size = 9521, upload-time = "2023-11-20T17:51:08.587Z" },
]

[[package]]
name = "mkdocs-macros-plugin"
version = "1.3.7"
source = { registry = "https://pypi.org/simple" }
dependencies = [
    { name = "hjson" },
    { name = "jinja2" },
    { name = "mkdocs" },
    { name = "packaging" },
    { name = "pathspec" },
    { name = "python-dateutil" },
    { name = "pyyaml" },
    { name = "super-collections" },
    { name = "termcolor" },
]
sdist = { url = "https://files.pythonhosted.org/packages/43/65/61a746c56788867221aebf07fe4b6b4c08ac99cf341fd51d728c89d1456e/mkdocs_macros_plugin-1.3.7.tar.gz", hash = "sha256:17c7fd1a49b94defcdb502fd453d17a1e730f8836523379d21292eb2be4cb523", size = 33466, upload-time = "2024-10-26T15:15:54.925Z" }
wheels = [
    { url = "https://files.pythonhosted.org/packages/55/cf/f03331298ee50a4da6fb72ccec79078041158c1f8b5fc24835c1be42232e/mkdocs_macros_plugin-1.3.7-py3-none-any.whl", hash = "sha256:02432033a5b77fb247d6ec7924e72fc4ceec264165b1644ab8d0dc159c22ce59", size = 37799, upload-time = "2024-10-26T15:15:53.31Z" },
]

[[package]]
name = "mkdocs-material"
version = "9.6.9"
source = { registry = "https://pypi.org/simple" }
dependencies = [
    { name = "babel" },
    { name = "backrefs" },
    { name = "colorama" },
    { name = "jinja2" },
    { name = "markdown" },
    { name = "mkdocs" },
    { name = "mkdocs-material-extensions" },
    { name = "paginate" },
    { name = "pygments" },
    { name = "pymdown-extensions" },
    { name = "requests" },
]
sdist = { url = "https://files.pythonhosted.org/packages/11/cb/6dd3b6a7925429c0229738098ee874dbf7fa02db55558adb2c5bf86077b2/mkdocs_material-9.6.9.tar.gz", hash = "sha256:a4872139715a1f27b2aa3f3dc31a9794b7bbf36333c0ba4607cf04786c94f89c", size = 3948083, upload-time = "2025-03-17T09:28:50.879Z" }
wheels = [
    { url = "https://files.pythonhosted.org/packages/db/7c/ea5a671b2ff5d0e3f3108a7f7d75b541d683e4969aaead2a8f3e59e0fc27/mkdocs_material-9.6.9-py3-none-any.whl", hash = "sha256:6e61b7fb623ce2aa4622056592b155a9eea56ff3487d0835075360be45a4c8d1", size = 8697935, upload-time = "2025-03-17T09:28:47.481Z" },
]

[[package]]
name = "mkdocs-material-extensions"
version = "1.3.1"
source = { registry = "https://pypi.org/simple" }
sdist = { url = "https://files.pythonhosted.org/packages/79/9b/9b4c96d6593b2a541e1cb8b34899a6d021d208bb357042823d4d2cabdbe7/mkdocs_material_extensions-1.3.1.tar.gz", hash = "sha256:10c9511cea88f568257f960358a467d12b970e1f7b2c0e5fb2bb48cab1928443", size = 11847, upload-time = "2023-11-22T19:09:45.208Z" }
wheels = [
    { url = "https://files.pythonhosted.org/packages/5b/54/662a4743aa81d9582ee9339d4ffa3c8fd40a4965e033d77b9da9774d3960/mkdocs_material_extensions-1.3.1-py3-none-any.whl", hash = "sha256:adff8b62700b25cb77b53358dad940f3ef973dd6db797907c49e3c2ef3ab4e31", size = 8728, upload-time = "2023-11-22T19:09:43.465Z" },
]

[[package]]
name = "packaging"
version = "24.1"
source = { registry = "https://pypi.org/simple" }
sdist = { url = "https://files.pythonhosted.org/packages/51/65/50db4dda066951078f0a96cf12f4b9ada6e4b811516bf0262c0f4f7064d4/packaging-24.1.tar.gz", hash = "sha256:026ed72c8ed3fcce5bf8950572258698927fd1dbda10a5e981cdf0ac37f4f002", size = 148788, upload-time = "2024-06-09T23:19:24.956Z" }
wheels = [
    { url = "https://files.pythonhosted.org/packages/08/aa/cc0199a5f0ad350994d660967a8efb233fe0416e4639146c089643407ce6/packaging-24.1-py3-none-any.whl", hash = "sha256:5b8f2217dbdbd2f7f384c41c628544e6d52f2d0f53c6d0c3ea61aa5d1d7ff124", size = 53985, upload-time = "2024-06-09T23:19:21.909Z" },
]

[[package]]
name = "paginate"
version = "0.5.6"
source = { registry = "https://pypi.org/simple" }
sdist = { url = "https://files.pythonhosted.org/packages/68/58/e670a947136fdcece8ac5376b3df1369d29e4f6659b0c9b358605b115e9e/paginate-0.5.6.tar.gz", hash = "sha256:5e6007b6a9398177a7e1648d04fdd9f8c9766a1a945bceac82f1929e8c78af2d", size = 12840, upload-time = "2016-11-22T12:54:04.503Z" }

[[package]]
name = "pathspec"
version = "0.12.1"
source = { registry = "https://pypi.org/simple" }
sdist = { url = "https://files.pythonhosted.org/packages/ca/bc/f35b8446f4531a7cb215605d100cd88b7ac6f44ab3fc94870c120ab3adbf/pathspec-0.12.1.tar.gz", hash = "sha256:a482d51503a1ab33b1c67a6c3813a26953dbdc71c31dacaef9a838c4e29f5712", size = 51043, upload-time = "2023-12-10T22:30:45Z" }
wheels = [
    { url = "https://files.pythonhosted.org/packages/cc/20/ff623b09d963f88bfde16306a54e12ee5ea43e9b597108672ff3a408aad6/pathspec-0.12.1-py3-none-any.whl", hash = "sha256:a0d503e138a4c123b27490a4f7beda6a01c6f288df0e4a8b79c7eb0dc7b4cc08", size = 31191, upload-time = "2023-12-10T22:30:43.14Z" },
]

[[package]]
name = "platformdirs"
version = "4.2.2"
source = { registry = "https://pypi.org/simple" }
sdist = { url = "https://files.pythonhosted.org/packages/f5/52/0763d1d976d5c262df53ddda8d8d4719eedf9594d046f117c25a27261a19/platformdirs-4.2.2.tar.gz", hash = "sha256:38b7b51f512eed9e84a22788b4bce1de17c0adb134d6becb09836e37d8654cd3", size = 20916, upload-time = "2024-05-15T03:18:23.372Z" }
wheels = [
    { url = "https://files.pythonhosted.org/packages/68/13/2aa1f0e1364feb2c9ef45302f387ac0bd81484e9c9a4c5688a322fbdfd08/platformdirs-4.2.2-py3-none-any.whl", hash = "sha256:2d7a1657e36a80ea911db832a8a6ece5ee53d8de21edd5cc5879af6530b1bfee", size = 18146, upload-time = "2024-05-15T03:18:21.209Z" },
]

[[package]]
name = "pygments"
version = "2.18.0"
source = { registry = "https://pypi.org/simple" }
sdist = { url = "https://files.pythonhosted.org/packages/8e/62/8336eff65bcbc8e4cb5d05b55faf041285951b6e80f33e2bff2024788f31/pygments-2.18.0.tar.gz", hash = "sha256:786ff802f32e91311bff3889f6e9a86e81505fe99f2735bb6d60ae0c5004f199", size = 4891905, upload-time = "2024-05-04T13:42:02.013Z" }
wheels = [
    { url = "https://files.pythonhosted.org/packages/f7/3f/01c8b82017c199075f8f788d0d906b9ffbbc5a47dc9918a945e13d5a2bda/pygments-2.18.0-py3-none-any.whl", hash = "sha256:b8e6aca0523f3ab76fee51799c488e38782ac06eafcf95e7ba832985c8e7b13a", size = 1205513, upload-time = "2024-05-04T13:41:57.345Z" },
]

[[package]]
name = "pymdown-extensions"
version = "10.8.1"
source = { registry = "https://pypi.org/simple" }
dependencies = [
    { name = "markdown" },
    { name = "pyyaml" },
]
sdist = { url = "https://files.pythonhosted.org/packages/09/11/0a1da270c1011194a6efee7ec1ac07d8b75a9706eed4a80675403f6a9d70/pymdown_extensions-10.8.1.tar.gz", hash = "sha256:3ab1db5c9e21728dabf75192d71471f8e50f216627e9a1fa9535ecb0231b9940", size = 812097, upload-time = "2024-04-27T20:20:33.169Z" }
wheels = [
    { url = "https://files.pythonhosted.org/packages/c6/d7/e19f9bee2729a8d65b9bf822bb69ac364bf782bac8d761c62b4252769ae0/pymdown_extensions-10.8.1-py3-none-any.whl", hash = "sha256:f938326115884f48c6059c67377c46cf631c733ef3629b6eed1349989d1b30cb", size = 250833, upload-time = "2024-04-27T20:20:31.208Z" },
]

[[package]]
name = "pyparsing"
version = "3.3.2"
source = { registry = "https://pypi.org/simple" }
sdist = { url = "https://files.pythonhosted.org/packages/f3/91/9c6ee907786a473bf81c5f53cf703ba0957b23ab84c264080fb5a450416f/pyparsing-3.3.2.tar.gz", hash = "sha256:c777f4d763f140633dcb6d8a3eda953bf7a214dc4eff598413c070bcdc117cbc", size = 6851574, upload-time = "2026-01-21T03:57:59.36Z" }
wheels = [
    { url = "https://files.pythonhosted.org/packages/10/bd/c038d7cc38edc1aa5bf91ab8068b63d4308c66c4c8bb3cbba7dfbc049f9c/pyparsing-3.3.2-py3-none-any.whl", hash = "sha256:850ba148bd908d7e2411587e247a1e4f0327839c40e2e5e6d05a007ecc69911d", size = 122781, upload-time = "2026-01-21T03:57:55.912Z" },
]

[[package]]
name = "python-dateutil"
version = "2.9.0.post0"
source = { registry = "https://pypi.org/simple" }
dependencies = [
    { name = "six" },
]
sdist = { url = "https://files.pythonhosted.org/packages/66/c0/0c8b6ad9f17a802ee498c46e004a0eb49bc148f2fd230864601a86dcf6db/python-dateutil-2.9.0.post0.tar.gz", hash = "sha256:37dd54208da7e1cd875388217d5e00ebd4179249f90fb72437e91a35459a0ad3", size = 342432, upload-time = "2024-03-01T18:36:20.211Z" }
wheels = [
    { url = "https://files.pythonhosted.org/packages/ec/57/56b9bcc3c9c6a792fcbaf139543cee77261f3651ca9da0c93f5c1221264b/python_dateutil-2.9.0.post0-py2.py3-none-any.whl", hash = "sha256:a8b2bc7bffae282281c8140a97d3aa9c14da0b136dfe83f850eea9a5f7470427", size = 229892, upload-time = "2024-03-01T18:36:18.57Z" },
]

[[package]]
name = "pyyaml"
version = "6.0.1"
source = { registry = "https://pypi.org/simple" }
sdist = { url = "https://files.pythonhosted.org/packages/cd/e5/af35f7ea75cf72f2cd079c95ee16797de7cd71f29ea7c68ae5ce7be1eda0/PyYAML-6.0.1.tar.gz", hash = "sha256:bfdf460b1736c775f2ba9f6a92bca30bc2095067b8a9d77876d1fad6cc3b4a43", size = 125201, upload-time = "2023-07-18T00:00:23.308Z" }

[[package]]
name = "pyyaml-env-tag"
version = "0.1"
source = { registry = "https://pypi.org/simple" }
dependencies = [
    { name = "pyyaml" },
]
sdist = { url = "https://files.pythonhosted.org/packages/fb/8e/da1c6c58f751b70f8ceb1eb25bc25d524e8f14fe16edcce3f4e3ba08629c/pyyaml_env_tag-0.1.tar.gz", hash = "sha256:70092675bda14fdec33b31ba77e7543de9ddc88f2e5b99160396572d11525bdb", size = 5631, upload-time = "2020-11-12T02:38:26.239Z" }
wheels = [
    { url = "https://files.pythonhosted.org/packages/5a/66/bbb1dd374f5c870f59c5bb1db0e18cbe7fa739415a24cbd95b2d1f5ae0c4/pyyaml_env_tag-0.1-py3-none-any.whl", hash = "sha256:af31106dec8a4d68c60207c1886031cbf839b68aa7abccdb19868200532c2069", size = 3911, upload-time = "2020-11-12T02:38:24.638Z" },
]

[[package]]
name = "regex"
version = "2024.5.15"
source = { registry = "https://pypi.org/simple" }
sdist = { url = "https://files.pythonhosted.org/packages/7a/db/5ddc89851e9cc003929c3b08b9b88b429459bf9acbf307b4556d51d9e49b/regex-2024.5.15.tar.gz", hash = "sha256:d3ee02d9e5f482cc8309134a91eeaacbdd2261ba111b0fef3748eeb4913e6a2c", size = 394856, upload-time = "2024-05-15T16:17:45.17Z" }

[[package]]
name = "requests"
version = "2.32.3"
source = { registry = "https://pypi.org/simple" }
dependencies = [
    { name = "certifi" },
    { name = "charset-normalizer" },
    { name = "idna" },
    { name = "urllib3" },
]
sdist = { url = "https://files.pythonhosted.org/packages/63/70/2bf7780ad2d390a8d301ad0b550f1581eadbd9a20f896afe06353c2a2913/requests-2.32.3.tar.gz", hash = "sha256:55365417734eb18255590a9ff9eb97e9e1da868d4ccd6402399eaf68af20a760", size = 131218, upload-time = "2024-05-29T15:37:49.536Z" }
wheels = [
    { url = "https://files.pythonhosted.org/packages/f9/9b/335f9764261e915ed497fcdeb11df5dfd6f7bf257d4a6a2a686d80da4d54/requests-2.32.3-py3-none-any.whl", hash = "sha256:70761cfe03c773ceb22aa2f671b4757976145175cdfca038c02654d061d6dcc6", size = 64928, upload-time = "2024-05-29T15:37:47.027Z" },
]

[[package]]
name = "scale-docs"
version = "0.1.0"
source = { virtual = "." }
dependencies = [
    { name = "babel" },
    { name = "certifi" },
    { name = "charset-normalizer" },
    { name = "click" },
    { name = "colorama" },
    { name = "ghp-import" },
    { name = "idna" },
    { name = "jinja2" },
    { name = "markdown" },
    { name = "markupsafe" },
    { name = "mergedeep" },
    { name = "mike" },
    { name = "mkdocs" },
    { name = "mkdocs-get-deps" },
    { name = "mkdocs-macros-plugin" },
    { name = "mkdocs-material" },
    { name = "mkdocs-material-extensions" },
    { name = "packaging" },
    { name = "paginate" },
    { name = "pathspec" },
    { name = "platformdirs" },
    { name = "pygments" },
    { name = "pymdown-extensions" },
    { name = "python-dateutil" },
    { name = "pyyaml" },
    { name = "pyyaml-env-tag" },
    { name = "regex" },
    { name = "requests" },
    { name = "six" },
    { name = "urllib3" },
    { name = "watchdog" },
]

[package.metadata]
requires-dist = [
    { name = "babel", specifier = "==2.15.0" },
    { name = "certifi", specifier = "==2024.7.4" },
    { name = "charset-normalizer", specifier = "==3.3.2" },
    { name = "click", specifier = "==8.1.7" },
    { name = "colorama", specifier = "==0.4.6" },
    { name = "ghp-import", specifier = "==2.1.0" },
    { name = "idna", specifier = "==3.7" },
    { name = "jinja2", specifier = "==3.1.4" },
    { name = "markdown", specifier = "==3.6" },
    { name = "markupsafe", specifier = "==2.1.5" },
    { name = "mergedeep", specifier = "==1.3.4" },
    { name = "mike", specifier = "==2.1.3" },
    { name = "mkdocs", specifier = "==1.6.0" },
    { name = "mkdocs-get-deps", specifier = "==0.2.0" },
    { name = "mkdocs-macros-plugin", specifier = "==1.3.7" },
    { name = "mkdocs-material", specifier = "==9.6.9" },
    { name = "mkdocs-material-extensions", specifier = "==1.3.1" },
    { name = "packaging", specifier = "==24.1" },
    { name = "paginate", specifier = "==0.5.6" },
    { name = "pathspec", specifier = "==0.12.1" },
    { name = "platformdirs", specifier = "==4.2.2" },
    { name = "pygments", specifier = "==2.18.0" },
    { name = "pymdown-extensions", specifier = "==10.8.1" },
    { name = "python-dateutil", specifier = "==2.9.0.post0" },
    { name = "pyyaml", specifier = "==6.0.1" },
    { name = "pyyaml-env-tag", specifier = "==0.1" },
    { name = "regex", specifier = "==2024.5.15" },
    { name = "requests", specifier = "==2.32.3" },
    { name = "six", specifier = "==1.16.0" },
    { name = "urllib3", specifier = "==2.2.2" },
    { name = "watchdog", specifier = "==4.0.1" },
]

[[package]]
name = "six"
version = "1.16.0"
source = { registry = "https://pypi.org/simple" }
sdist = { url = "https://files.pythonhosted.org/packages/71/39/171f1c67cd00715f190ba0b100d606d440a28c93c7714febeca8b79af85e/six-1.16.0.tar.gz", hash = "sha256:1e61c37477a1626458e36f7b1d82aa5c9b094fa4802892072e49de9c60c4c926", size = 34041, upload-time = "2021-05-05T14:18:18.379Z" }
wheels = [
    { url = "https://files.pythonhosted.org/packages/d9/5a/e7c31adbe875f2abbb91bd84cf2dc52d792b5a01506781dbcf25c91daf11/six-1.16.0-py2.py3-none-any.whl", hash = "sha256:8abb2f1d86890a2dfb989f9a77cfcfd3e47c2a354b01111771326f8aa26e0254", size = 11053, upload-time = "2021-05-05T14:18:17.237Z" },
]

[[package]]
name = "super-collections"
version = "0.6.2"
source = { registry = "https://pypi.org/simple" }
dependencies = [
    { name = "hjson" },
]
sdist = { url = "https://files.pythonhosted.org/packages/e0/de/a0c3d1244912c260638f0f925e190e493ccea37ecaea9bbad7c14413b803/super_collections-0.6.2.tar.gz", hash = "sha256:0c8d8abacd9fad2c7c1c715f036c29f5db213f8cac65f24d45ecba12b4da187a", size = 31315, upload-time = "2025-09-30T00:37:08.067Z" }
wheels = [
    { url = "https://files.pythonhosted.org/packages/17/43/47c7cf84b3bd74a8631b02d47db356656bb8dff6f2e61a4c749963814d0d/super_collections-0.6.2-py3-none-any.whl", hash = "sha256:291b74d26299e9051d69ad9d89e61b07b6646f86a57a2f5ab3063d206eee9c56", size = 16173, upload-time = "2025-09-30T00:37:07.104Z" },
]

[[package]]
name = "termcolor"
version = "3.3.0"
source = { registry = "https://pypi.org/simple" }
sdist = { url = "https://files.pythonhosted.org/packages/46/79/cf31d7a93a8fdc6aa0fbb665be84426a8c5a557d9240b6239e9e11e35fc5/termcolor-3.3.0.tar.gz", hash = "sha256:348871ca648ec6a9a983a13ab626c0acce02f515b9e1983332b17af7979521c5", size = 14434, upload-time = "2025-12-29T12:55:21.882Z" }
wheels = [
    { url = "https://files.pythonhosted.org/packages/33/d1/8bb87d21e9aeb323cc03034f5eaf2c8f69841e40e4853c2627edf8111ed3/termcolor-3.3.0-py3-none-any.whl", hash = "sha256:cf642efadaf0a8ebbbf4bc7a31cec2f9b5f21a9f726f4ccbb08192c9c26f43a5", size = 7734, upload-time = "2025-12-29T12:55:20.718Z" },
]

[[package]]
name = "urllib3"
version = "2.2.2"
source = { registry = "https://pypi.org/simple" }
sdist = { url = "https://files.pythonhosted.org/packages/43/6d/fa469ae21497ddc8bc93e5877702dca7cb8f911e337aca7452b5724f1bb6/urllib3-2.2.2.tar.gz", hash = "sha256:dd505485549a7a552833da5e6063639d0d177c04f23bc3864e41e5dc5f612168", size = 292266, upload-time = "2024-06-17T13:40:11.401Z" }
wheels = [
    { url = "https://files.pythonhosted.org/packages/ca/1c/89ffc63a9605b583d5df2be791a27bc1a42b7c32bab68d3c8f2f73a98cd4/urllib3-2.2.2-py3-none-any.whl", hash = "sha256:a448b2f64d686155468037e1ace9f2d2199776e17f0a46610480d311f73e3472", size = 121444, upload-time = "2024-06-17T13:40:07.795Z" },
]

[[package]]
name = "verspec"
version = "0.1.0"
source = { registry = "https://pypi.org/simple" }
sdist = { url = "https://files.pythonhosted.org/packages/e7/44/8126f9f0c44319b2efc65feaad589cadef4d77ece200ae3c9133d58464d0/verspec-0.1.0.tar.gz", hash = "sha256:c4504ca697b2056cdb4bfa7121461f5a0e81809255b41c03dda4ba823637c01e", size = 27123, upload-time = "2020-11-30T02:24:09.646Z" }
wheels = [
    { url = "https://files.pythonhosted.org/packages/a4/ce/3b6fee91c85626eaf769d617f1be9d2e15c1cca027bbdeb2e0d751469355/verspec-0.1.0-py3-none-any.whl", hash = "sha256:741877d5633cc9464c45a469ae2a31e801e6dbbaa85b9675d481cda100f11c31", size = 19640, upload-time = "2020-11-30T02:24:08.387Z" },
]

[[package]]
name = "watchdog"
version = "4.0.1"
source = { registry = "https://pypi.org/simple" }
sdist = { url = "https://files.pythonhosted.org/packages/1b/f9/b01e4632aed9a6ecc2b3e501feffd3af5aa0eb4e3b0283fc9525bf503c38/watchdog-4.0.1.tar.gz", hash = "sha256:eebaacf674fa25511e8867028d281e602ee6500045b57f43b08778082f7f8b44", size = 126583, upload-time = "2024-05-23T16:12:28.625Z" }
wheels = [
    { url = "https://files.pythonhosted.org/packages/3a/36/28ce38b960f2bf1e1be573d85e8127c9ac66b4de63a7bef3f61b3f77ce57/watchdog-4.0.1-py3-none-manylinux2014_aarch64.whl", hash = "sha256:dddba7ca1c807045323b6af4ff80f5ddc4d654c8bce8317dde1bd96b128ed253", size = 83011, upload-time = "2024-05-23T16:12:10.641Z" },
    { url = "https://files.pythonhosted.org/packages/05/7b/efc5b4134c97f08b161faa703327cde3fe647c5c48c156fde0c343471095/watchdog-4.0.1-py3-none-manylinux2014_armv7l.whl", hash = "sha256:4513ec234c68b14d4161440e07f995f231be21a09329051e67a2118a7a612d2d", size = 83009, upload-time = "2024-05-23T16:12:12.692Z" },
    { url = "https://files.pythonhosted.org/packages/c3/bb/1fac328ba90ea091ef04e7bdefe638a933076530d802c1b1cf1f03fe7e89/watchdog-4.0.1-py3-none-manylinux2014_i686.whl", hash = "sha256:4107ac5ab936a63952dea2a46a734a23230aa2f6f9db1291bf171dac3ebd53c6", size = 83011, upload-time = "2024-05-23T16:12:14.093Z" },
    { url = "https://files.pythonhosted.org/packages/ce/df/c8719022af772d9f75f1c49af453a48a785a45295bca1ce4f3f55b9923af/watchdog-4.0.1-py3-none-manylinux2014_ppc64.whl", hash = "sha256:6e8c70d2cd745daec2a08734d9f63092b793ad97612470a0ee4cbb8f5f705c57", size = 83012, upload-time = "2024-05-23T16:12:15.893Z" },
    { url = "https://files.pythonhosted.org/packages/b0/d5/7285d52e7a7ffce2ae0b21a98dbbed345bcb227672a4268eb26d046d8d41/watchdog-4.0.1-py3-none-manylinux2014_ppc64le.whl", hash = "sha256:f27279d060e2ab24c0aa98363ff906d2386aa6c4dc2f1a374655d4e02a6c5e5e", size = 83011, upload-time = "2024-05-23T16:12:17.545Z" },
    { url = "https://files.pythonhosted.org/packages/2a/09/4b07dc8dd1a9f67a7acfbc084f26fc35ee8a2e4feeb0a2c98fe9a1ef196c/watchdog-4.0.1-py3-none-manylinux2014_s390x.whl", hash = "sha256:f8affdf3c0f0466e69f5b3917cdd042f89c8c63aebdb9f7c078996f607cdb0f5", size = 83009, upload-time = "2024-05-23T16:12:19.496Z" },
    { url = "https://files.pythonhosted.org/packages/24/01/a4034a94a5f1828eb050230e7cf13af3ac23cf763512b6afe008d3def97c/watchdog-4.0.1-py3-none-manylinux2014_x86_64.whl", hash = "sha256:ac7041b385f04c047fcc2951dc001671dee1b7e0615cde772e84b01fbf68ee84", size = 83012, upload-time = "2024-05-23T16:12:21.754Z" },
    { url = "https://files.pythonhosted.org/packages/8f/5e/c0d7dad506adedd584188578901871fe923abf6c0c5dc9e79d9be5c7c24e/watchdog-4.0.1-py3-none-win32.whl", hash = "sha256:206afc3d964f9a233e6ad34618ec60b9837d0582b500b63687e34011e15bb429", size = 82996, upload-time = "2024-05-23T16:12:23.167Z" },
    { url = "https://files.pythonhosted.org/packages/85/e0/2a9f43008902427b5f074c497705d6ef8f815c85d4bc25fbf83f720a6159/watchdog-4.0.1-py3-none-win_amd64.whl", hash = "sha256:7577b3c43e5909623149f76b099ac49a1a01ca4e167d1785c76eb52fa585745a", size = 83002, upload-time = "2024-05-23T16:12:24.981Z" },
    { url = "https://files.pythonhosted.org/packages/db/54/23e5845ef68e1817b3792b2a11fb2088d7422814d41af8186d9058c4ff07/watchdog-4.0.1-py3-none-win_ia64.whl", hash = "sha256:d7b9f5f3299e8dd230880b6c55504a1f69cf1e4316275d1b215ebdd8187ec88d", size = 83002, upload-time = "2024-05-23T16:12:27.101Z" },
]

[[package]]
name = "zipp"
version = "3.23.0"
source = { registry = "https://pypi.org/simple" }
sdist = { url = "https://files.pythonhosted.org/packages/e3/02/0f2892c661036d50ede074e376733dca2ae7c6eb617489437771209d4180/zipp-3.23.0.tar.gz", hash = "sha256:a07157588a12518c9d4034df3fbbee09c814741a33ff63c05fa29d26a2404166", size = 25547, upload-time = "2025-06-08T17:06:39.4Z" }
wheels = [
    { url = "https://files.pythonhosted.org/packages/2e/54/647ade08bf0db230bfea292f893923872fd20be6ac6f53b2b936ba839d75/zipp-3.23.0-py3-none-any.whl", hash = "sha256:071652d6115ed432f5ce1d34c336c0adfd6a884660d1e9712a256d3d3bd4b14e", size = 10276, upload-time = "2025-06-08T17:06:38.034Z" },
]
